// !$*UTF8*$!
{
	archiveVersion = 1;
	classes = {
	};
	objectVersion = 50;
	objects = {

/* Begin PBXBuildFile section */
		04D7755A15E4AA40A5C900CE /* Pods_expo_toys_ios.framework in Frameworks */ = {isa = PBXBuildFile; fileRef = 8FEC70C19D7A883D21D68A85 /* Pods_expo_toys_ios.framework */; };
		070A8C76228B5079005D806E /* AppDelegate.swift in Sources */ = {isa = PBXBuildFile; fileRef = 070A8C75228B5079005D806E /* AppDelegate.swift */; };
		070A8C7B228B5079005D806E /* Main.storyboard in Resources */ = {isa = PBXBuildFile; fileRef = 070A8C79228B5079005D806E /* Main.storyboard */; };
		070A8C7D228B507B005D806E /* Assets.xcassets in Resources */ = {isa = PBXBuildFile; fileRef = 070A8C7C228B507B005D806E /* Assets.xcassets */; };
		070A8C80228B507B005D806E /* LaunchScreen.storyboard in Resources */ = {isa = PBXBuildFile; fileRef = 070A8C7E228B507B005D806E /* LaunchScreen.storyboard */; };
		070A8C8B228B507B005D806E /* expo_toys_iosTests.swift in Sources */ = {isa = PBXBuildFile; fileRef = 070A8C8A228B507B005D806E /* expo_toys_iosTests.swift */; };
		070A8C96228B507B005D806E /* expo_toys_iosUITests.swift in Sources */ = {isa = PBXBuildFile; fileRef = 070A8C95228B507B005D806E /* expo_toys_iosUITests.swift */; };
		078683B8229097B200ED5A4F /* ToyDetailViewController.swift in Sources */ = {isa = PBXBuildFile; fileRef = 078683B7229097B200ED5A4F /* ToyDetailViewController.swift */; };
		07F9C098228F12E800F0BBB7 /* ToysNewsViewController.swift in Sources */ = {isa = PBXBuildFile; fileRef = 07F9C097228F12E800F0BBB7 /* ToysNewsViewController.swift */; };
		07F9C09A228F170D00F0BBB7 /* Toy.swift in Sources */ = {isa = PBXBuildFile; fileRef = 07F9C099228F170D00F0BBB7 /* Toy.swift */; };
		07F9C09C228F1B5000F0BBB7 /* ToysApi.swift in Sources */ = {isa = PBXBuildFile; fileRef = 07F9C09B228F1B5000F0BBB7 /* ToysApi.swift */; };
		07F9C09E228F1BA700F0BBB7 /* ApiConstants.swift in Sources */ = {isa = PBXBuildFile; fileRef = 07F9C09D228F1BA700F0BBB7 /* ApiConstants.swift */; };
		07F9C0A1228F202800F0BBB7 /* ToysDataSource.swift in Sources */ = {isa = PBXBuildFile; fileRef = 07F9C0A0228F202800F0BBB7 /* ToysDataSource.swift */; };
		07F9C0A4228F236B00F0BBB7 /* ToysRepository.swift in Sources */ = {isa = PBXBuildFile; fileRef = 07F9C0A3228F236B00F0BBB7 /* ToysRepository.swift */; };
		07F9C0A6228F24BD00F0BBB7 /* ToysPresenter.swift in Sources */ = {isa = PBXBuildFile; fileRef = 07F9C0A5228F24BD00F0BBB7 /* ToysPresenter.swift */; };
		07F9C0A8228F2B1A00F0BBB7 /* ToysViewController.swift in Sources */ = {isa = PBXBuildFile; fileRef = 07F9C0A7228F2B1A00F0BBB7 /* ToysViewController.swift */; };
		07F9C0AB228F376700F0BBB7 /* ToyCell.swift in Sources */ = {isa = PBXBuildFile; fileRef = 07F9C0AA228F376700F0BBB7 /* ToyCell.swift */; };
		DBEA39380A4EF9A923F7CC1C /* Pods_expo_toys_iosTests.framework in Frameworks */ = {isa = PBXBuildFile; fileRef = 3D83FCD40C75C180E7C9EBA2 /* Pods_expo_toys_iosTests.framework */; };
		DE5B1A32ED0FCB29624D885C /* Pods_expo_toys_iosUITests.framework in Frameworks */ = {isa = PBXBuildFile; fileRef = 2B1F5247EF503AA53A25B142 /* Pods_expo_toys_iosUITests.framework */; };
/* End PBXBuildFile section */

/* Begin PBXContainerItemProxy section */
		070A8C87228B507B005D806E /* PBXContainerItemProxy */ = {
			isa = PBXContainerItemProxy;
			containerPortal = 070A8C6A228B5079005D806E /* Project object */;
			proxyType = 1;
			remoteGlobalIDString = 070A8C71228B5079005D806E;
			remoteInfo = "expo-toys-ios";
		};
		070A8C92228B507B005D806E /* PBXContainerItemProxy */ = {
			isa = PBXContainerItemProxy;
			containerPortal = 070A8C6A228B5079005D806E /* Project object */;
			proxyType = 1;
			remoteGlobalIDString = 070A8C71228B5079005D806E;
			remoteInfo = "expo-toys-ios";
		};
/* End PBXContainerItemProxy section */

/* Begin PBXFileReference section */
		070A8C72228B5079005D806E /* expo-toys-ios.app */ = {isa = PBXFileReference; explicitFileType = wrapper.application; includeInIndex = 0; path = "expo-toys-ios.app"; sourceTree = BUILT_PRODUCTS_DIR; };
		070A8C75228B5079005D806E /* AppDelegate.swift */ = {isa = PBXFileReference; lastKnownFileType = sourcecode.swift; path = AppDelegate.swift; sourceTree = "<group>"; };
		070A8C7A228B5079005D806E /* Base */ = {isa = PBXFileReference; lastKnownFileType = file.storyboard; name = Base; path = Base.lproj/Main.storyboard; sourceTree = "<group>"; };
		070A8C7C228B507B005D806E /* Assets.xcassets */ = {isa = PBXFileReference; lastKnownFileType = folder.assetcatalog; path = Assets.xcassets; sourceTree = "<group>"; };
		070A8C7F228B507B005D806E /* Base */ = {isa = PBXFileReference; lastKnownFileType = file.storyboard; name = Base; path = Base.lproj/LaunchScreen.storyboard; sourceTree = "<group>"; };
		070A8C81228B507B005D806E /* Info.plist */ = {isa = PBXFileReference; lastKnownFileType = text.plist.xml; path = Info.plist; sourceTree = "<group>"; };
		070A8C86228B507B005D806E /* expo-toys-iosTests.xctest */ = {isa = PBXFileReference; explicitFileType = wrapper.cfbundle; includeInIndex = 0; path = "expo-toys-iosTests.xctest"; sourceTree = BUILT_PRODUCTS_DIR; };
		070A8C8A228B507B005D806E /* expo_toys_iosTests.swift */ = {isa = PBXFileReference; lastKnownFileType = sourcecode.swift; path = expo_toys_iosTests.swift; sourceTree = "<group>"; };
		070A8C8C228B507B005D806E /* Info.plist */ = {isa = PBXFileReference; lastKnownFileType = text.plist.xml; path = Info.plist; sourceTree = "<group>"; };
		070A8C91228B507B005D806E /* expo-toys-iosUITests.xctest */ = {isa = PBXFileReference; explicitFileType = wrapper.cfbundle; includeInIndex = 0; path = "expo-toys-iosUITests.xctest"; sourceTree = BUILT_PRODUCTS_DIR; };
		070A8C95228B507B005D806E /* expo_toys_iosUITests.swift */ = {isa = PBXFileReference; lastKnownFileType = sourcecode.swift; path = expo_toys_iosUITests.swift; sourceTree = "<group>"; };
		070A8C97228B507B005D806E /* Info.plist */ = {isa = PBXFileReference; lastKnownFileType = text.plist.xml; path = Info.plist; sourceTree = "<group>"; };
		078683B7229097B200ED5A4F /* ToyDetailViewController.swift */ = {isa = PBXFileReference; lastKnownFileType = sourcecode.swift; path = ToyDetailViewController.swift; sourceTree = "<group>"; };
		07F9C097228F12E800F0BBB7 /* ToysNewsViewController.swift */ = {isa = PBXFileReference; lastKnownFileType = sourcecode.swift; path = ToysNewsViewController.swift; sourceTree = "<group>"; };
		07F9C099228F170D00F0BBB7 /* Toy.swift */ = {isa = PBXFileReference; lastKnownFileType = sourcecode.swift; path = Toy.swift; sourceTree = "<group>"; };
		07F9C09B228F1B5000F0BBB7 /* ToysApi.swift */ = {isa = PBXFileReference; lastKnownFileType = sourcecode.swift; path = ToysApi.swift; sourceTree = "<group>"; };
		07F9C09D228F1BA700F0BBB7 /* ApiConstants.swift */ = {isa = PBXFileReference; lastKnownFileType = sourcecode.swift; path = ApiConstants.swift; sourceTree = "<group>"; };
		07F9C0A0228F202800F0BBB7 /* ToysDataSource.swift */ = {isa = PBXFileReference; lastKnownFileType = sourcecode.swift; path = ToysDataSource.swift; sourceTree = "<group>"; };
		07F9C0A3228F236B00F0BBB7 /* ToysRepository.swift */ = {isa = PBXFileReference; lastKnownFileType = sourcecode.swift; path = ToysRepository.swift; sourceTree = "<group>"; };
		07F9C0A5228F24BD00F0BBB7 /* ToysPresenter.swift */ = {isa = PBXFileReference; lastKnownFileType = sourcecode.swift; path = ToysPresenter.swift; sourceTree = "<group>"; };
		07F9C0A7228F2B1A00F0BBB7 /* ToysViewController.swift */ = {isa = PBXFileReference; lastKnownFileType = sourcecode.swift; path = ToysViewController.swift; sourceTree = "<group>"; };
		07F9C0AA228F376700F0BBB7 /* ToyCell.swift */ = {isa = PBXFileReference; lastKnownFileType = sourcecode.swift; path = ToyCell.swift; sourceTree = "<group>"; };
		2B1F5247EF503AA53A25B142 /* Pods_expo_toys_iosUITests.framework */ = {isa = PBXFileReference; explicitFileType = wrapper.framework; includeInIndex = 0; path = Pods_expo_toys_iosUITests.framework; sourceTree = BUILT_PRODUCTS_DIR; };
		3D83FCD40C75C180E7C9EBA2 /* Pods_expo_toys_iosTests.framework */ = {isa = PBXFileReference; explicitFileType = wrapper.framework; includeInIndex = 0; path = Pods_expo_toys_iosTests.framework; sourceTree = BUILT_PRODUCTS_DIR; };
		48A0462E6207341897537457 /* Pods-expo-toys-ios.debug.xcconfig */ = {isa = PBXFileReference; includeInIndex = 1; lastKnownFileType = text.xcconfig; name = "Pods-expo-toys-ios.debug.xcconfig"; path = "Target Support Files/Pods-expo-toys-ios/Pods-expo-toys-ios.debug.xcconfig"; sourceTree = "<group>"; };
		6D45FFA0F382FA36ABC874BB /* Pods-expo-toys-ios.release.xcconfig */ = {isa = PBXFileReference; includeInIndex = 1; lastKnownFileType = text.xcconfig; name = "Pods-expo-toys-ios.release.xcconfig"; path = "Target Support Files/Pods-expo-toys-ios/Pods-expo-toys-ios.release.xcconfig"; sourceTree = "<group>"; };
		8FEC70C19D7A883D21D68A85 /* Pods_expo_toys_ios.framework */ = {isa = PBXFileReference; explicitFileType = wrapper.framework; includeInIndex = 0; path = Pods_expo_toys_ios.framework; sourceTree = BUILT_PRODUCTS_DIR; };
		99391F7492004030108F9BB4 /* Pods-expo-toys-iosUITests.debug.xcconfig */ = {isa = PBXFileReference; includeInIndex = 1; lastKnownFileType = text.xcconfig; name = "Pods-expo-toys-iosUITests.debug.xcconfig"; path = "Target Support Files/Pods-expo-toys-iosUITests/Pods-expo-toys-iosUITests.debug.xcconfig"; sourceTree = "<group>"; };
		CE2F993CA045E29BC0A1A6F1 /* Pods-expo-toys-iosTests.debug.xcconfig */ = {isa = PBXFileReference; includeInIndex = 1; lastKnownFileType = text.xcconfig; name = "Pods-expo-toys-iosTests.debug.xcconfig"; path = "Target Support Files/Pods-expo-toys-iosTests/Pods-expo-toys-iosTests.debug.xcconfig"; sourceTree = "<group>"; };
		DDB356ECB0A3367378B10DDF /* Pods-expo-toys-iosUITests.release.xcconfig */ = {isa = PBXFileReference; includeInIndex = 1; lastKnownFileType = text.xcconfig; name = "Pods-expo-toys-iosUITests.release.xcconfig"; path = "Target Support Files/Pods-expo-toys-iosUITests/Pods-expo-toys-iosUITests.release.xcconfig"; sourceTree = "<group>"; };
		F82E2C56813DD2038A1CFED8 /* Pods-expo-toys-iosTests.release.xcconfig */ = {isa = PBXFileReference; includeInIndex = 1; lastKnownFileType = text.xcconfig; name = "Pods-expo-toys-iosTests.release.xcconfig"; path = "Target Support Files/Pods-expo-toys-iosTests/Pods-expo-toys-iosTests.release.xcconfig"; sourceTree = "<group>"; };
/* End PBXFileReference section */

/* Begin PBXFrameworksBuildPhase section */
		070A8C6F228B5079005D806E /* Frameworks */ = {
			isa = PBXFrameworksBuildPhase;
			buildActionMask = 2147483647;
			files = (
				04D7755A15E4AA40A5C900CE /* Pods_expo_toys_ios.framework in Frameworks */,
			);
			runOnlyForDeploymentPostprocessing = 0;
		};
		070A8C83228B507B005D806E /* Frameworks */ = {
			isa = PBXFrameworksBuildPhase;
			buildActionMask = 2147483647;
			files = (
				DBEA39380A4EF9A923F7CC1C /* Pods_expo_toys_iosTests.framework in Frameworks */,
			);
			runOnlyForDeploymentPostprocessing = 0;
		};
		070A8C8E228B507B005D806E /* Frameworks */ = {
			isa = PBXFrameworksBuildPhase;
			buildActionMask = 2147483647;
			files = (
				DE5B1A32ED0FCB29624D885C /* Pods_expo_toys_iosUITests.framework in Frameworks */,
			);
			runOnlyForDeploymentPostprocessing = 0;
		};
/* End PBXFrameworksBuildPhase section */

/* Begin PBXGroup section */
		070A8C69228B5079005D806E = {
			isa = PBXGroup;
			children = (
				070A8C74228B5079005D806E /* expo-toys-ios */,
				070A8C89228B507B005D806E /* expo-toys-iosTests */,
				070A8C94228B507B005D806E /* expo-toys-iosUITests */,
				070A8C73228B5079005D806E /* Products */,
				5DE63FBE1432D2B99BE09D18 /* Pods */,
				D82405D0CBA04A4554D8E974 /* Frameworks */,
			);
			sourceTree = "<group>";
		};
		070A8C73228B5079005D806E /* Products */ = {
			isa = PBXGroup;
			children = (
				070A8C72228B5079005D806E /* expo-toys-ios.app */,
				070A8C86228B507B005D806E /* expo-toys-iosTests.xctest */,
				070A8C91228B507B005D806E /* expo-toys-iosUITests.xctest */,
			);
			name = Products;
			sourceTree = "<group>";
		};
		070A8C74228B5079005D806E /* expo-toys-ios */ = {
			isa = PBXGroup;
			children = (
				0797A21C228B530B00FA9014 /* core */,
				0797A21B228B52D900FA9014 /* features */,
				070A8C75228B5079005D806E /* AppDelegate.swift */,
				070A8C79228B5079005D806E /* Main.storyboard */,
				070A8C7C228B507B005D806E /* Assets.xcassets */,
				070A8C7E228B507B005D806E /* LaunchScreen.storyboard */,
				070A8C81228B507B005D806E /* Info.plist */,
			);
			path = "expo-toys-ios";
			sourceTree = "<group>";
		};
		070A8C89228B507B005D806E /* expo-toys-iosTests */ = {
			isa = PBXGroup;
			children = (
				070A8C8A228B507B005D806E /* expo_toys_iosTests.swift */,
				070A8C8C228B507B005D806E /* Info.plist */,
			);
			path = "expo-toys-iosTests";
			sourceTree = "<group>";
		};
		070A8C94228B507B005D806E /* expo-toys-iosUITests */ = {
			isa = PBXGroup;
			children = (
				070A8C95228B507B005D806E /* expo_toys_iosUITests.swift */,
				070A8C97228B507B005D806E /* Info.plist */,
			);
			path = "expo-toys-iosUITests";
			sourceTree = "<group>";
		};
		0797A21B228B52D900FA9014 /* features */ = {
			isa = PBXGroup;
			children = (
				0797A21D228B532400FA9014 /* toys */,
			);
			path = features;
			sourceTree = "<group>";
		};
		0797A21C228B530B00FA9014 /* core */ = {
			isa = PBXGroup;
			children = (
				07F9C0A2228F234100F0BBB7 /* respository */,
				07F9C09F228F200200F0BBB7 /* data */,
				0797A221228B536600FA9014 /* model */,
				0797A220228B535C00FA9014 /* api */,
			);
			path = core;
			sourceTree = "<group>";
		};
		0797A21D228B532400FA9014 /* toys */ = {
			isa = PBXGroup;
			children = (
				07F9C0A9228F375600F0BBB7 /* cell */,
				0797A21E228B533800FA9014 /* presentation */,
				0797A21F228B534500FA9014 /* view */,
			);
			path = toys;
			sourceTree = "<group>";
		};
		0797A21E228B533800FA9014 /* presentation */ = {
			isa = PBXGroup;
			children = (
				07F9C0A5228F24BD00F0BBB7 /* ToysPresenter.swift */,
			);
			path = presentation;
			sourceTree = "<group>";
		};
		0797A21F228B534500FA9014 /* view */ = {
			isa = PBXGroup;
			children = (
				07F9C097228F12E800F0BBB7 /* ToysNewsViewController.swift */,
				07F9C0A7228F2B1A00F0BBB7 /* ToysViewController.swift */,
				078683B7229097B200ED5A4F /* ToyDetailViewController.swift */,
			);
			path = view;
			sourceTree = "<group>";
		};
		0797A220228B535C00FA9014 /* api */ = {
			isa = PBXGroup;
			children = (
				07F9C09B228F1B5000F0BBB7 /* ToysApi.swift */,
				07F9C09D228F1BA700F0BBB7 /* ApiConstants.swift */,
			);
			path = api;
			sourceTree = "<group>";
		};
		0797A221228B536600FA9014 /* model */ = {
			isa = PBXGroup;
			children = (
				07F9C099228F170D00F0BBB7 /* Toy.swift */,
			);
			path = model;
			sourceTree = "<group>";
		};
		07F9C09F228F200200F0BBB7 /* data */ = {
			isa = PBXGroup;
			children = (
				07F9C0A0228F202800F0BBB7 /* ToysDataSource.swift */,
			);
			path = data;
			sourceTree = "<group>";
		};
		07F9C0A2228F234100F0BBB7 /* respository */ = {
			isa = PBXGroup;
			children = (
				07F9C0A3228F236B00F0BBB7 /* ToysRepository.swift */,
			);
			path = respository;
			sourceTree = "<group>";
		};
		07F9C0A9228F375600F0BBB7 /* cell */ = {
			isa = PBXGroup;
			children = (
				07F9C0AA228F376700F0BBB7 /* ToyCell.swift */,
			);
			path = cell;
			sourceTree = "<group>";
		};
		5DE63FBE1432D2B99BE09D18 /* Pods */ = {
			isa = PBXGroup;
			children = (
				48A0462E6207341897537457 /* Pods-expo-toys-ios.debug.xcconfig */,
				6D45FFA0F382FA36ABC874BB /* Pods-expo-toys-ios.release.xcconfig */,
				CE2F993CA045E29BC0A1A6F1 /* Pods-expo-toys-iosTests.debug.xcconfig */,
				F82E2C56813DD2038A1CFED8 /* Pods-expo-toys-iosTests.release.xcconfig */,
				99391F7492004030108F9BB4 /* Pods-expo-toys-iosUITests.debug.xcconfig */,
				DDB356ECB0A3367378B10DDF /* Pods-expo-toys-iosUITests.release.xcconfig */,
			);
			path = Pods;
			sourceTree = "<group>";
		};
		D82405D0CBA04A4554D8E974 /* Frameworks */ = {
			isa = PBXGroup;
			children = (
				8FEC70C19D7A883D21D68A85 /* Pods_expo_toys_ios.framework */,
				3D83FCD40C75C180E7C9EBA2 /* Pods_expo_toys_iosTests.framework */,
				2B1F5247EF503AA53A25B142 /* Pods_expo_toys_iosUITests.framework */,
			);
			name = Frameworks;
			sourceTree = "<group>";
		};
/* End PBXGroup section */

/* Begin PBXNativeTarget section */
		070A8C71228B5079005D806E /* expo-toys-ios */ = {
			isa = PBXNativeTarget;
			buildConfigurationList = 070A8C9A228B507B005D806E /* Build configuration list for PBXNativeTarget "expo-toys-ios" */;
			buildPhases = (
				88F0C1D3C9BC205B7DFADC29 /* [CP] Check Pods Manifest.lock */,
				070A8C6E228B5079005D806E /* Sources */,
				070A8C6F228B5079005D806E /* Frameworks */,
				070A8C70228B5079005D806E /* Resources */,
				1F0DE32B61C54ACAEBC35F8D /* [CP] Embed Pods Frameworks */,
			);
			buildRules = (
			);
			dependencies = (
			);
			name = "expo-toys-ios";
			productName = "expo-toys-ios";
			productReference = 070A8C72228B5079005D806E /* expo-toys-ios.app */;
			productType = "com.apple.product-type.application";
		};
		070A8C85228B507B005D806E /* expo-toys-iosTests */ = {
			isa = PBXNativeTarget;
			buildConfigurationList = 070A8C9D228B507B005D806E /* Build configuration list for PBXNativeTarget "expo-toys-iosTests" */;
			buildPhases = (
				E9BF146719F2C409CE23D18F /* [CP] Check Pods Manifest.lock */,
				070A8C82228B507B005D806E /* Sources */,
				070A8C83228B507B005D806E /* Frameworks */,
				070A8C84228B507B005D806E /* Resources */,
			);
			buildRules = (
			);
			dependencies = (
				070A8C88228B507B005D806E /* PBXTargetDependency */,
			);
			name = "expo-toys-iosTests";
			productName = "expo-toys-iosTests";
			productReference = 070A8C86228B507B005D806E /* expo-toys-iosTests.xctest */;
			productType = "com.apple.product-type.bundle.unit-test";
		};
		070A8C90228B507B005D806E /* expo-toys-iosUITests */ = {
			isa = PBXNativeTarget;
			buildConfigurationList = 070A8CA0228B507B005D806E /* Build configuration list for PBXNativeTarget "expo-toys-iosUITests" */;
			buildPhases = (
				5CC855915A157B4037BE795F /* [CP] Check Pods Manifest.lock */,
				070A8C8D228B507B005D806E /* Sources */,
				070A8C8E228B507B005D806E /* Frameworks */,
				070A8C8F228B507B005D806E /* Resources */,
			);
			buildRules = (
			);
			dependencies = (
				070A8C93228B507B005D806E /* PBXTargetDependency */,
			);
			name = "expo-toys-iosUITests";
			productName = "expo-toys-iosUITests";
			productReference = 070A8C91228B507B005D806E /* expo-toys-iosUITests.xctest */;
			productType = "com.apple.product-type.bundle.ui-testing";
		};
/* End PBXNativeTarget section */

/* Begin PBXProject section */
		070A8C6A228B5079005D806E /* Project object */ = {
			isa = PBXProject;
			attributes = {
				LastSwiftUpdateCheck = 1020;
				LastUpgradeCheck = 1020;
				ORGANIZATIONNAME = "Alex Campayo";
				TargetAttributes = {
					070A8C71228B5079005D806E = {
						CreatedOnToolsVersion = 10.2.1;
					};
					070A8C85228B507B005D806E = {
						CreatedOnToolsVersion = 10.2.1;
						TestTargetID = 070A8C71228B5079005D806E;
					};
					070A8C90228B507B005D806E = {
						CreatedOnToolsVersion = 10.2.1;
						TestTargetID = 070A8C71228B5079005D806E;
					};
				};
			};
			buildConfigurationList = 070A8C6D228B5079005D806E /* Build configuration list for PBXProject "expo-toys-ios" */;
			compatibilityVersion = "Xcode 9.3";
			developmentRegion = en;
			hasScannedForEncodings = 0;
			knownRegions = (
				en,
				Base,
			);
			mainGroup = 070A8C69228B5079005D806E;
			productRefGroup = 070A8C73228B5079005D806E /* Products */;
			projectDirPath = "";
			projectRoot = "";
			targets = (
				070A8C71228B5079005D806E /* expo-toys-ios */,
				070A8C85228B507B005D806E /* expo-toys-iosTests */,
				070A8C90228B507B005D806E /* expo-toys-iosUITests */,
			);
		};
/* End PBXProject section */

/* Begin PBXResourcesBuildPhase section */
		070A8C70228B5079005D806E /* Resources */ = {
			isa = PBXResourcesBuildPhase;
			buildActionMask = 2147483647;
			files = (
				070A8C80228B507B005D806E /* LaunchScreen.storyboard in Resources */,
				070A8C7D228B507B005D806E /* Assets.xcassets in Resources */,
				070A8C7B228B5079005D806E /* Main.storyboard in Resources */,
			);
			runOnlyForDeploymentPostprocessing = 0;
		};
		070A8C84228B507B005D806E /* Resources */ = {
			isa = PBXResourcesBuildPhase;
			buildActionMask = 2147483647;
			files = (
			);
			runOnlyForDeploymentPostprocessing = 0;
		};
		070A8C8F228B507B005D806E /* Resources */ = {
			isa = PBXResourcesBuildPhase;
			buildActionMask = 2147483647;
			files = (
			);
			runOnlyForDeploymentPostprocessing = 0;
		};
/* End PBXResourcesBuildPhase section */

/* Begin PBXShellScriptBuildPhase section */
		1F0DE32B61C54ACAEBC35F8D /* [CP] Embed Pods Frameworks */ = {
			isa = PBXShellScriptBuildPhase;
			buildActionMask = 2147483647;
			files = (
			);
			inputFileListPaths = (
			);
			inputPaths = (
				"${PODS_ROOT}/Target Support Files/Pods-expo-toys-ios/Pods-expo-toys-ios-frameworks.sh",
				"${BUILT_PRODUCTS_DIR}/Alamofire/Alamofire.framework",
				"${BUILT_PRODUCTS_DIR}/MBProgressHUD/MBProgressHUD.framework",
				"${BUILT_PRODUCTS_DIR}/SDWebImage/SDWebImage.framework",
			);
			name = "[CP] Embed Pods Frameworks";
			outputFileListPaths = (
			);
			outputPaths = (
				"${TARGET_BUILD_DIR}/${FRAMEWORKS_FOLDER_PATH}/Alamofire.framework",
				"${TARGET_BUILD_DIR}/${FRAMEWORKS_FOLDER_PATH}/MBProgressHUD.framework",
				"${TARGET_BUILD_DIR}/${FRAMEWORKS_FOLDER_PATH}/SDWebImage.framework",
			);
			runOnlyForDeploymentPostprocessing = 0;
			shellPath = /bin/sh;
			shellScript = "\"${PODS_ROOT}/Target Support Files/Pods-expo-toys-ios/Pods-expo-toys-ios-frameworks.sh\"\n";
			showEnvVarsInLog = 0;
		};
		5CC855915A157B4037BE795F /* [CP] Check Pods Manifest.lock */ = {
			isa = PBXShellScriptBuildPhase;
			buildActionMask = 2147483647;
			files = (
			);
			inputFileListPaths = (
			);
			inputPaths = (
				"${PODS_PODFILE_DIR_PATH}/Podfile.lock",
				"${PODS_ROOT}/Manifest.lock",
			);
			name = "[CP] Check Pods Manifest.lock";
			outputFileListPaths = (
			);
			outputPaths = (
				"$(DERIVED_FILE_DIR)/Pods-expo-toys-iosUITests-checkManifestLockResult.txt",
			);
			runOnlyForDeploymentPostprocessing = 0;
			shellPath = /bin/sh;
			shellScript = "diff \"${PODS_PODFILE_DIR_PATH}/Podfile.lock\" \"${PODS_ROOT}/Manifest.lock\" > /dev/null\nif [ $? != 0 ] ; then\n    # print error to STDERR\n    echo \"error: The sandbox is not in sync with the Podfile.lock. Run 'pod install' or update your CocoaPods installation.\" >&2\n    exit 1\nfi\n# This output is used by Xcode 'outputs' to avoid re-running this script phase.\necho \"SUCCESS\" > \"${SCRIPT_OUTPUT_FILE_0}\"\n";
			showEnvVarsInLog = 0;
		};
		88F0C1D3C9BC205B7DFADC29 /* [CP] Check Pods Manifest.lock */ = {
			isa = PBXShellScriptBuildPhase;
			buildActionMask = 2147483647;
			files = (
			);
			inputFileListPaths = (
			);
			inputPaths = (
				"${PODS_PODFILE_DIR_PATH}/Podfile.lock",
				"${PODS_ROOT}/Manifest.lock",
			);
			name = "[CP] Check Pods Manifest.lock";
			outputFileListPaths = (
			);
			outputPaths = (
				"$(DERIVED_FILE_DIR)/Pods-expo-toys-ios-checkManifestLockResult.txt",
			);
			runOnlyForDeploymentPostprocessing = 0;
			shellPath = /bin/sh;
			shellScript = "diff \"${PODS_PODFILE_DIR_PATH}/Podfile.lock\" \"${PODS_ROOT}/Manifest.lock\" > /dev/null\nif [ $? != 0 ] ; then\n    # print error to STDERR\n    echo \"error: The sandbox is not in sync with the Podfile.lock. Run 'pod install' or update your CocoaPods installation.\" >&2\n    exit 1\nfi\n# This output is used by Xcode 'outputs' to avoid re-running this script phase.\necho \"SUCCESS\" > \"${SCRIPT_OUTPUT_FILE_0}\"\n";
			showEnvVarsInLog = 0;
		};
		E9BF146719F2C409CE23D18F /* [CP] Check Pods Manifest.lock */ = {
			isa = PBXShellScriptBuildPhase;
			buildActionMask = 2147483647;
			files = (
			);
			inputFileListPaths = (
			);
			inputPaths = (
				"${PODS_PODFILE_DIR_PATH}/Podfile.lock",
				"${PODS_ROOT}/Manifest.lock",
			);
			name = "[CP] Check Pods Manifest.lock";
			outputFileListPaths = (
			);
			outputPaths = (
				"$(DERIVED_FILE_DIR)/Pods-expo-toys-iosTests-checkManifestLockResult.txt",
			);
			runOnlyForDeploymentPostprocessing = 0;
			shellPath = /bin/sh;
			shellScript = "diff \"${PODS_PODFILE_DIR_PATH}/Podfile.lock\" \"${PODS_ROOT}/Manifest.lock\" > /dev/null\nif [ $? != 0 ] ; then\n    # print error to STDERR\n    echo \"error: The sandbox is not in sync with the Podfile.lock. Run 'pod install' or update your CocoaPods installation.\" >&2\n    exit 1\nfi\n# This output is used by Xcode 'outputs' to avoid re-running this script phase.\necho \"SUCCESS\" > \"${SCRIPT_OUTPUT_FILE_0}\"\n";
			showEnvVarsInLog = 0;
		};
/* End PBXShellScriptBuildPhase section */

/* Begin PBXSourcesBuildPhase section */
		070A8C6E228B5079005D806E /* Sources */ = {
			isa = PBXSourcesBuildPhase;
			buildActionMask = 2147483647;
			files = (
				07F9C09A228F170D00F0BBB7 /* Toy.swift in Sources */,
				07F9C0A8228F2B1A00F0BBB7 /* ToysViewController.swift in Sources */,
				07F9C09C228F1B5000F0BBB7 /* ToysApi.swift in Sources */,
				07F9C0A4228F236B00F0BBB7 /* ToysRepository.swift in Sources */,
				07F9C0AB228F376700F0BBB7 /* ToyCell.swift in Sources */,
				07F9C09E228F1BA700F0BBB7 /* ApiConstants.swift in Sources */,
				078683B8229097B200ED5A4F /* ToyDetailViewController.swift in Sources */,
				07F9C0A1228F202800F0BBB7 /* ToysDataSource.swift in Sources */,
				07F9C0A6228F24BD00F0BBB7 /* ToysPresenter.swift in Sources */,
				07F9C098228F12E800F0BBB7 /* ToysNewsViewController.swift in Sources */,
				070A8C76228B5079005D806E /* AppDelegate.swift in Sources */,
			);
			runOnlyForDeploymentPostprocessing = 0;
		};
		070A8C82228B507B005D806E /* Sources */ = {
			isa = PBXSourcesBuildPhase;
			buildActionMask = 2147483647;
			files = (
				070A8C8B228B507B005D806E /* expo_toys_iosTests.swift in Sources */,
			);
			runOnlyForDeploymentPostprocessing = 0;
		};
		070A8C8D228B507B005D806E /* Sources */ = {
			isa = PBXSourcesBuildPhase;
			buildActionMask = 2147483647;
			files = (
				070A8C96228B507B005D806E /* expo_toys_iosUITests.swift in Sources */,
			);
			runOnlyForDeploymentPostprocessing = 0;
		};
/* End PBXSourcesBuildPhase section */

/* Begin PBXTargetDependency section */
		070A8C88228B507B005D806E /* PBXTargetDependency */ = {
			isa = PBXTargetDependency;
			target = 070A8C71228B5079005D806E /* expo-toys-ios */;
			targetProxy = 070A8C87228B507B005D806E /* PBXContainerItemProxy */;
		};
		070A8C93228B507B005D806E /* PBXTargetDependency */ = {
			isa = PBXTargetDependency;
			target = 070A8C71228B5079005D806E /* expo-toys-ios */;
			targetProxy = 070A8C92228B507B005D806E /* PBXContainerItemProxy */;
		};
/* End PBXTargetDependency section */

/* Begin PBXVariantGroup section */
		070A8C79228B5079005D806E /* Main.storyboard */ = {
			isa = PBXVariantGroup;
			children = (
				070A8C7A228B5079005D806E /* Base */,
			);
			name = Main.storyboard;
			sourceTree = "<group>";
		};
		070A8C7E228B507B005D806E /* LaunchScreen.storyboard */ = {
			isa = PBXVariantGroup;
			children = (
				070A8C7F228B507B005D806E /* Base */,
			);
			name = LaunchScreen.storyboard;
			sourceTree = "<group>";
		};
/* End PBXVariantGroup section */

/* Begin XCBuildConfiguration section */
		070A8C98228B507B005D806E /* Debug */ = {
			isa = XCBuildConfiguration;
			buildSettings = {
				ALWAYS_SEARCH_USER_PATHS = NO;
				CLANG_ANALYZER_NONNULL = YES;
				CLANG_ANALYZER_NUMBER_OBJECT_CONVERSION = YES_AGGRESSIVE;
				CLANG_CXX_LANGUAGE_STANDARD = "gnu++14";
				CLANG_CXX_LIBRARY = "libc++";
				CLANG_ENABLE_MODULES = YES;
				CLANG_ENABLE_OBJC_ARC = YES;
				CLANG_ENABLE_OBJC_WEAK = YES;
				CLANG_WARN_BLOCK_CAPTURE_AUTORELEASING = YES;
				CLANG_WARN_BOOL_CONVERSION = YES;
				CLANG_WARN_COMMA = YES;
				CLANG_WARN_CONSTANT_CONVERSION = YES;
				CLANG_WARN_DEPRECATED_OBJC_IMPLEMENTATIONS = YES;
				CLANG_WARN_DIRECT_OBJC_ISA_USAGE = YES_ERROR;
				CLANG_WARN_DOCUMENTATION_COMMENTS = YES;
				CLANG_WARN_EMPTY_BODY = YES;
				CLANG_WARN_ENUM_CONVERSION = YES;
				CLANG_WARN_INFINITE_RECURSION = YES;
				CLANG_WARN_INT_CONVERSION = YES;
				CLANG_WARN_NON_LITERAL_NULL_CONVERSION = YES;
				CLANG_WARN_OBJC_IMPLICIT_RETAIN_SELF = YES;
				CLANG_WARN_OBJC_LITERAL_CONVERSION = YES;
				CLANG_WARN_OBJC_ROOT_CLASS = YES_ERROR;
				CLANG_WARN_RANGE_LOOP_ANALYSIS = YES;
				CLANG_WARN_STRICT_PROTOTYPES = YES;
				CLANG_WARN_SUSPICIOUS_MOVE = YES;
				CLANG_WARN_UNGUARDED_AVAILABILITY = YES_AGGRESSIVE;
				CLANG_WARN_UNREACHABLE_CODE = YES;
				CLANG_WARN__DUPLICATE_METHOD_MATCH = YES;
				CODE_SIGN_IDENTITY = "iPhone Developer";
				COPY_PHASE_STRIP = NO;
				DEBUG_INFORMATION_FORMAT = dwarf;
				ENABLE_STRICT_OBJC_MSGSEND = YES;
				ENABLE_TESTABILITY = YES;
				GCC_C_LANGUAGE_STANDARD = gnu11;
				GCC_DYNAMIC_NO_PIC = NO;
				GCC_NO_COMMON_BLOCKS = YES;
				GCC_OPTIMIZATION_LEVEL = 0;
				GCC_PREPROCESSOR_DEFINITIONS = (
					"DEBUG=1",
					"$(inherited)",
				);
				GCC_WARN_64_TO_32_BIT_CONVERSION = YES;
				GCC_WARN_ABOUT_RETURN_TYPE = YES_ERROR;
				GCC_WARN_UNDECLARED_SELECTOR = YES;
				GCC_WARN_UNINITIALIZED_AUTOS = YES_AGGRESSIVE;
				GCC_WARN_UNUSED_FUNCTION = YES;
				GCC_WARN_UNUSED_VARIABLE = YES;
				IPHONEOS_DEPLOYMENT_TARGET = 12.2;
				MTL_ENABLE_DEBUG_INFO = INCLUDE_SOURCE;
				MTL_FAST_MATH = YES;
				ONLY_ACTIVE_ARCH = YES;
				SDKROOT = iphoneos;
				SWIFT_ACTIVE_COMPILATION_CONDITIONS = DEBUG;
				SWIFT_OPTIMIZATION_LEVEL = "-Onone";
			};
			name = Debug;
		};
		070A8C99228B507B005D806E /* Release */ = {
			isa = XCBuildConfiguration;
			buildSettings = {
				ALWAYS_SEARCH_USER_PATHS = NO;
				CLANG_ANALYZER_NONNULL = YES;
				CLANG_ANALYZER_NUMBER_OBJECT_CONVERSION = YES_AGGRESSIVE;
				CLANG_CXX_LANGUAGE_STANDARD = "gnu++14";
				CLANG_CXX_LIBRARY = "libc++";
				CLANG_ENABLE_MODULES = YES;
				CLANG_ENABLE_OBJC_ARC = YES;
				CLANG_ENABLE_OBJC_WEAK = YES;
				CLANG_WARN_BLOCK_CAPTURE_AUTORELEASING = YES;
				CLANG_WARN_BOOL_CONVERSION = YES;
				CLANG_WARN_COMMA = YES;
				CLANG_WARN_CONSTANT_CONVERSION = YES;
				CLANG_WARN_DEPRECATED_OBJC_IMPLEMENTATIONS = YES;
				CLANG_WARN_DIRECT_OBJC_ISA_USAGE = YES_ERROR;
				CLANG_WARN_DOCUMENTATION_COMMENTS = YES;
				CLANG_WARN_EMPTY_BODY = YES;
				CLANG_WARN_ENUM_CONVERSION = YES;
				CLANG_WARN_INFINITE_RECURSION = YES;
				CLANG_WARN_INT_CONVERSION = YES;
				CLANG_WARN_NON_LITERAL_NULL_CONVERSION = YES;
				CLANG_WARN_OBJC_IMPLICIT_RETAIN_SELF = YES;
				CLANG_WARN_OBJC_LITERAL_CONVERSION = YES;
				CLANG_WARN_OBJC_ROOT_CLASS = YES_ERROR;
				CLANG_WARN_RANGE_LOOP_ANALYSIS = YES;
				CLANG_WARN_STRICT_PROTOTYPES = YES;
				CLANG_WARN_SUSPICIOUS_MOVE = YES;
				CLANG_WARN_UNGUARDED_AVAILABILITY = YES_AGGRESSIVE;
				CLANG_WARN_UNREACHABLE_CODE = YES;
				CLANG_WARN__DUPLICATE_METHOD_MATCH = YES;
				CODE_SIGN_IDENTITY = "iPhone Developer";
				COPY_PHASE_STRIP = NO;
				DEBUG_INFORMATION_FORMAT = "dwarf-with-dsym";
				ENABLE_NS_ASSERTIONS = NO;
				ENABLE_STRICT_OBJC_MSGSEND = YES;
				GCC_C_LANGUAGE_STANDARD = gnu11;
				GCC_NO_COMMON_BLOCKS = YES;
				GCC_WARN_64_TO_32_BIT_CONVERSION = YES;
				GCC_WARN_ABOUT_RETURN_TYPE = YES_ERROR;
				GCC_WARN_UNDECLARED_SELECTOR = YES;
				GCC_WARN_UNINITIALIZED_AUTOS = YES_AGGRESSIVE;
				GCC_WARN_UNUSED_FUNCTION = YES;
				GCC_WARN_UNUSED_VARIABLE = YES;
				IPHONEOS_DEPLOYMENT_TARGET = 12.2;
				MTL_ENABLE_DEBUG_INFO = NO;
				MTL_FAST_MATH = YES;
				SDKROOT = iphoneos;
				SWIFT_COMPILATION_MODE = wholemodule;
				SWIFT_OPTIMIZATION_LEVEL = "-O";
				VALIDATE_PRODUCT = YES;
			};
			name = Release;
		};
		070A8C9B228B507B005D806E /* Debug */ = {
			isa = XCBuildConfiguration;
			baseConfigurationReference = 48A0462E6207341897537457 /* Pods-expo-toys-ios.debug.xcconfig */;
			buildSettings = {
				ASSETCATALOG_COMPILER_APPICON_NAME = AppIcon;
				CODE_SIGN_STYLE = Automatic;
				DEVELOPMENT_TEAM = 7YXTNX48R4;
				INFOPLIST_FILE = "expo-toys-ios/Info.plist";
				LD_RUNPATH_SEARCH_PATHS = (
					"$(inherited)",
					"@executable_path/Frameworks",
				);
				PRODUCT_BUNDLE_IDENTIFIER = "com.expotoys.expo-toys-ios";
				PRODUCT_NAME = "$(TARGET_NAME)";
				SWIFT_VERSION = 5.0;
				TARGETED_DEVICE_FAMILY = "1,2";
			};
			name = Debug;
		};
		070A8C9C228B507B005D806E /* Release */ = {
			isa = XCBuildConfiguration;
			baseConfigurationReference = 6D45FFA0F382FA36ABC874BB /* Pods-expo-toys-ios.release.xcconfig */;
			buildSettings = {
				ASSETCATALOG_COMPILER_APPICON_NAME = AppIcon;
				CODE_SIGN_STYLE = Automatic;
				DEVELOPMENT_TEAM = 7YXTNX48R4;
				INFOPLIST_FILE = "expo-toys-ios/Info.plist";
				LD_RUNPATH_SEARCH_PATHS = (
					"$(inherited)",
					"@executable_path/Frameworks",
				);
				PRODUCT_BUNDLE_IDENTIFIER = "com.expotoys.expo-toys-ios";
				PRODUCT_NAME = "$(TARGET_NAME)";
				SWIFT_VERSION = 5.0;
				TARGETED_DEVICE_FAMILY = "1,2";
			};
			name = Release;
		};
		070A8C9E228B507B005D806E /* Debug */ = {
			isa = XCBuildConfiguration;
			baseConfigurationReference = CE2F993CA045E29BC0A1A6F1 /* Pods-expo-toys-iosTests.debug.xcconfig */;
			buildSettings = {
				ALWAYS_EMBED_SWIFT_STANDARD_LIBRARIES = YES;
				BUNDLE_LOADER = "$(TEST_HOST)";
				CODE_SIGN_STYLE = Automatic;
				DEVELOPMENT_TEAM = 7YXTNX48R4;
				INFOPLIST_FILE = "expo-toys-iosTests/Info.plist";
				LD_RUNPATH_SEARCH_PATHS = (
					"$(inherited)",
					"@executable_path/Frameworks",
					"@loader_path/Frameworks",
				);
				PRODUCT_BUNDLE_IDENTIFIER = "com.expotoys.expo-toys-iosTests";
				PRODUCT_NAME = "$(TARGET_NAME)";
				SWIFT_VERSION = 5.0;
				TARGETED_DEVICE_FAMILY = "1,2";
				TEST_HOST = "$(BUILT_PRODUCTS_DIR)/expo-toys-ios.app/expo-toys-ios";
			};
			name = Debug;
		};
		070A8C9F228B507B005D806E /* Release */ = {
			isa = XCBuildConfiguration;
			baseConfigurationReference = F82E2C56813DD2038A1CFED8 /* Pods-expo-toys-iosTests.release.xcconfig */;
			buildSettings = {
				ALWAYS_EMBED_SWIFT_STANDARD_LIBRARIES = YES;
				BUNDLE_LOADER = "$(TEST_HOST)";
				CODE_SIGN_STYLE = Automatic;
				DEVELOPMENT_TEAM = 7YXTNX48R4;
				INFOPLIST_FILE = "expo-toys-iosTests/Info.plist";
				LD_RUNPATH_SEARCH_PATHS = (
					"$(inherited)",
					"@executable_path/Frameworks",
					"@loader_path/Frameworks",
				);
				PRODUCT_BUNDLE_IDENTIFIER = "com.expotoys.expo-toys-iosTests";
				PRODUCT_NAME = "$(TARGET_NAME)";
				SWIFT_VERSION = 5.0;
				TARGETED_DEVICE_FAMILY = "1,2";
				TEST_HOST = "$(BUILT_PRODUCTS_DIR)/expo-toys-ios.app/expo-toys-ios";
			};
			name = Release;
		};
		070A8CA1228B507B005D806E /* Debug */ = {
			isa = XCBuildConfiguration;
			baseConfigurationReference = 99391F7492004030108F9BB4 /* Pods-expo-toys-iosUITests.debug.xcconfig */;
			buildSettings = {
				ALWAYS_EMBED_SWIFT_STANDARD_LIBRARIES = YES;
				CODE_SIGN_STYLE = Automatic;
				DEVELOPMENT_TEAM = 7YXTNX48R4;
				INFOPLIST_FILE = "expo-toys-iosUITests/Info.plist";
				LD_RUNPATH_SEARCH_PATHS = (
					"$(inherited)",
					"@executable_path/Frameworks",
					"@loader_path/Frameworks",
				);
				PRODUCT_BUNDLE_IDENTIFIER = "com.expotoys.expo-toys-iosUITests";
				PRODUCT_NAME = "$(TARGET_NAME)";
				SWIFT_VERSION = 5.0;
				TARGETED_DEVICE_FAMILY = "1,2";
				TEST_TARGET_NAME = "expo-toys-ios";
			};
			name = Debug;
		};
		070A8CA2228B507B005D806E /* Release */ = {
			isa = XCBuildConfiguration;
			baseConfigurationReference = DDB356ECB0A3367378B10DDF /* Pods-expo-toys-iosUITests.release.xcconfig */;
			buildSettings = {
				ALWAYS_EMBED_SWIFT_STANDARD_LIBRARIES = YES;
				CODE_SIGN_STYLE = Automatic;
				DEVELOPMENT_TEAM = 7YXTNX48R4;
				INFOPLIST_FILE = "expo-toys-iosUITests/Info.plist";
				LD_RUNPATH_SEARCH_PATHS = (
					"$(inherited)",
					"@executable_path/Frameworks",
					"@loader_path/Frameworks",
				);
				PRODUCT_BUNDLE_IDENTIFIER = "com.expotoys.expo-toys-iosUITests";
				PRODUCT_NAME = "$(TARGET_NAME)";
				SWIFT_VERSION = 5.0;
				TARGETED_DEVICE_FAMILY = "1,2";
				TEST_TARGET_NAME = "expo-toys-ios";
			};
			name = Release;
		};
/* End XCBuildConfiguration section */

/* Begin XCConfigurationList section */
		070A8C6D228B5079005D806E /* Build configuration list for PBXProject "expo-toys-ios" */ = {
			isa = XCConfigurationList;
			buildConfigurations = (
				070A8C98228B507B005D806E /* Debug */,
				070A8C99228B507B005D806E /* Release */,
			);
			defaultConfigurationIsVisible = 0;
			defaultConfigurationName = Release;
		};
		070A8C9A228B507B005D806E /* Build configuration list for PBXNativeTarget "expo-toys-ios" */ = {
			isa = XCConfigurationList;
			buildConfigurations = (
				070A8C9B228B507B005D806E /* Debug */,
				070A8C9C228B507B005D806E /* Release */,
			);
			defaultConfigurationIsVisible = 0;
			defaultConfigurationName = Release;
		};
		070A8C9D228B507B005D806E /* Build configuration list for PBXNativeTarget "expo-toys-iosTests" */ = {
			isa = XCConfigurationList;
			buildConfigurations = (
				070A8C9E228B507B005D806E /* Debug */,
				070A8C9F228B507B005D806E /* Release */,
			);
			defaultConfigurationIsVisible = 0;
			defaultConfigurationName = Release;
		};
		070A8CA0228B507B005D806E /* Build configuration list for PBXNativeTarget "expo-toys-iosUITests" */ = {
			isa = XCConfigurationList;
			buildConfigurations = (
				070A8CA1228B507B005D806E /* Debug */,
				070A8CA2228B507B005D806E /* Release */,
			);
			defaultConfigurationIsVisible = 0;
			defaultConfigurationName = Release;
		};
/* End XCConfigurationList section */
	};
	rootObject = 070A8C6A228B5079005D806E /* Project object */;
}
